
Microsoft Visual Studio Solution File, Format Version 12.00
Project("{2150E333-8FDC-42A3-9474-1A3956D46DE8}") = "src", "src", "{AE0295BA-D085-454D-97F6-1B4A69411582}"
EndProject
Project("{2150E333-8FDC-42A3-9474-1A3956D46DE8}") = "test", "test", "{A792B2E9-CB16-4B0C-8203-BF53A7CD34C4}"
EndProject
Project("{FAE04EC0-301F-11D3-BF4B-00C04F79EFBC}") = "UnitTests", "test\UnitTests\UnitTests.csproj", "{4AC60C27-F6E6-415C-98DE-2C2D02661EB3}"
EndProject
Project("{FAE04EC0-301F-11D3-BF4B-00C04F79EFBC}") = "IntegrationTests", "test\IntegrationTests\IntegrationTests.csproj", "{4BA7A7BA-4EBB-4F46-A618-046AC124D07E}"
EndProject
Project("{2150E333-8FDC-42A3-9474-1A3956D46DE8}") = "api", "api", "{72FB26CE-EF40-40BA-9740-1173C27E0E49}"
EndProject
Project("{2150E333-8FDC-42A3-9474-1A3956D46DE8}") = "ui", "ui", "{0FB9DFB5-CBF1-40E4-ABDD-91B2839E7388}"
EndProject
Project("{FAE04EC0-301F-11D3-BF4B-00C04F79EFBC}") = "Application", "src\api\Application\Application.csproj", "{5F7FA39E-24B0-473B-97A3-8587436F9AF1}"
EndProject
Project("{FAE04EC0-301F-11D3-BF4B-00C04F79EFBC}") = "Domain", "src\api\Domain\Domain.csproj", "{42E4209B-279E-42BD-BBDD-B6ED6ACD0EAC}"
EndProject
Project("{FAE04EC0-301F-11D3-BF4B-00C04F79EFBC}") = "Infrastructure", "src\api\Infrastructure\Infrastructure.csproj", "{2A4718E6-0D28-4CA3-949F-3ED0ECC080B2}"
EndProject
Project("{FAE04EC0-301F-11D3-BF4B-00C04F79EFBC}") = "WebApi", "src\api\WebApi\WebApi.csproj", "{943E339F-C707-4F06-8CBF-C5287B7F06C5}"
EndProject
Global
	GlobalSection(SolutionConfigurationPlatforms) = preSolution
		Debug|Any CPU = Debug|Any CPU
		Release|Any CPU = Release|Any CPU
	EndGlobalSection
	GlobalSection(ProjectConfigurationPlatforms) = postSolution
		{4AC60C27-F6E6-415C-98DE-2C2D02661EB3}.Debug|Any CPU.ActiveCfg = Debug|Any CPU
		{4AC60C27-F6E6-415C-98DE-2C2D02661EB3}.Debug|Any CPU.Build.0 = Debug|Any CPU
		{4AC60C27-F6E6-415C-98DE-2C2D02661EB3}.Release|Any CPU.ActiveCfg = Release|Any CPU
		{4AC60C27-F6E6-415C-98DE-2C2D02661EB3}.Release|Any CPU.Build.0 = Release|Any CPU
		{4BA7A7BA-4EBB-4F46-A618-046AC124D07E}.Debug|Any CPU.ActiveCfg = Debug|Any CPU
		{4BA7A7BA-4EBB-4F46-A618-046AC124D07E}.Debug|Any CPU.Build.0 = Debug|Any CPU
		{4BA7A7BA-4EBB-4F46-A618-046AC124D07E}.Release|Any CPU.ActiveCfg = Release|Any CPU
		{4BA7A7BA-4EBB-4F46-A618-046AC124D07E}.Release|Any CPU.Build.0 = Release|Any CPU
		{5F7FA39E-24B0-473B-97A3-8587436F9AF1}.Debug|Any CPU.ActiveCfg = Debug|Any CPU
		{5F7FA39E-24B0-473B-97A3-8587436F9AF1}.Debug|Any CPU.Build.0 = Debug|Any CPU
		{5F7FA39E-24B0-473B-97A3-8587436F9AF1}.Release|Any CPU.ActiveCfg = Release|Any CPU
		{5F7FA39E-24B0-473B-97A3-8587436F9AF1}.Release|Any CPU.Build.0 = Release|Any CPU
		{42E4209B-279E-42BD-BBDD-B6ED6ACD0EAC}.Debug|Any CPU.ActiveCfg = Debug|Any CPU
		{42E4209B-279E-42BD-BBDD-B6ED6ACD0EAC}.Debug|Any CPU.Build.0 = Debug|Any CPU
		{42E4209B-279E-42BD-BBDD-B6ED6ACD0EAC}.Release|Any CPU.ActiveCfg = Release|Any CPU
		{42E4209B-279E-42BD-BBDD-B6ED6ACD0EAC}.Release|Any CPU.Build.0 = Release|Any CPU
		{2A4718E6-0D28-4CA3-949F-3ED0ECC080B2}.Debug|Any CPU.ActiveCfg = Debug|Any CPU
		{2A4718E6-0D28-4CA3-949F-3ED0ECC080B2}.Debug|Any CPU.Build.0 = Debug|Any CPU
		{2A4718E6-0D28-4CA3-949F-3ED0ECC080B2}.Release|Any CPU.ActiveCfg = Release|Any CPU
		{2A4718E6-0D28-4CA3-949F-3ED0ECC080B2}.Release|Any CPU.Build.0 = Release|Any CPU
		{943E339F-C707-4F06-8CBF-C5287B7F06C5}.Debug|Any CPU.ActiveCfg = Debug|Any CPU
		{943E339F-C707-4F06-8CBF-C5287B7F06C5}.Debug|Any CPU.Build.0 = Debug|Any CPU
		{943E339F-C707-4F06-8CBF-C5287B7F06C5}.Release|Any CPU.ActiveCfg = Release|Any CPU
		{943E339F-C707-4F06-8CBF-C5287B7F06C5}.Release|Any CPU.Build.0 = Release|Any CPU
	EndGlobalSection
	GlobalSection(NestedProjects) = preSolution
		{4AC60C27-F6E6-415C-98DE-2C2D02661EB3} = {A792B2E9-CB16-4B0C-8203-BF53A7CD34C4}
		{4BA7A7BA-4EBB-4F46-A618-046AC124D07E} = {A792B2E9-CB16-4B0C-8203-BF53A7CD34C4}
		{72FB26CE-EF40-40BA-9740-1173C27E0E49} = {AE0295BA-D085-454D-97F6-1B4A69411582}
		{0FB9DFB5-CBF1-40E4-ABDD-91B2839E7388} = {AE0295BA-D085-454D-97F6-1B4A69411582}
		{5F7FA39E-24B0-473B-97A3-8587436F9AF1} = {72FB26CE-EF40-40BA-9740-1173C27E0E49}
		{42E4209B-279E-42BD-BBDD-B6ED6ACD0EAC} = {72FB26CE-EF40-40BA-9740-1173C27E0E49}
		{2A4718E6-0D28-4CA3-949F-3ED0ECC080B2} = {72FB26CE-EF40-40BA-9740-1173C27E0E49}
		{943E339F-C707-4F06-8CBF-C5287B7F06C5} = {72FB26CE-EF40-40BA-9740-1173C27E0E49}
	EndGlobalSection
EndGlobal
